
Microsoft Visual Studio Solution File, Format Version 12.00
# Visual Studio 2012
Project("{FAE04EC0-301F-11D3-BF4B-00C04F79EFBC}") = "MRI", "MRI.csproj", "{160867B7-95B7-4AE2-B7C7-A4C53F1D45C6}"
EndProject
Global
	GlobalSection(SolutionConfigurationPlatforms) = preSolution
		Debug|Any CPU = Debug|Any CPU
		Release|Any CPU = Release|Any CPU
	EndGlobalSection
	GlobalSection(ProjectConfigurationPlatforms) = postSolution
		{160867B7-95B7-4AE2-B7C7-A4C53F1D45C6}.Debug|Any CPU.ActiveCfg = Debug|Any CPU
		{160867B7-95B7-4AE2-B7C7-A4C53F1D45C6}.Debug|Any CPU.Build.0 = Debug|Any CPU
		{160867B7-95B7-4AE2-B7C7-A4C53F1D45C6}.Release|Any CPU.ActiveCfg = Release|Any CPU
		{160867B7-95B7-4AE2-B7C7-A4C53F1D45C6}.Release|Any CPU.Build.0 = Release|Any CPU
	EndGlobalSection
	GlobalSection(SolutionProperties) = preSolution
		HideSolutionNode = FALSE
	EndGlobalSection
EndGlobal
